{
  "pins" : [
    {
      "identity" : "highlighterswift",
      "kind" : "remoteSourceControl",
      "location" : "https://github.com/smittytone/HighlighterSwift",
      "state" : {
        "revision" : "120d654b7126559b68127a0a0f5b1d57742dd900",
        "version" : "1.1.7"
      }
    }
  ],
  "version" : 2
}
